
Microsoft Visual Studio Solution File, Format Version 12.00
# Visual Studio Version 16
VisualStudioVersion = 16.0.810.17
MinimumVisualStudioVersion = 10.0.40219.1
Project("{FAE04EC0-301F-11D3-BF4B-00C04F79EFBC}") = "Practice", "Practice\Practice.csproj", "{31AF9CE3-3FC6-49BB-92B9-2AF91A2FE19D}"
EndProject
Global
	GlobalSection(SolutionConfigurationPlatforms) = preSolution
		Debug|Any CPU = Debug|Any CPU
		Release|Any CPU = Release|Any CPU
	EndGlobalSection
	GlobalSection(ProjectConfigurationPlatforms) = postSolution
		{31AF9CE3-3FC6-49BB-92B9-2AF91A2FE19D}.Debug|Any CPU.ActiveCfg = Debug|Any CPU
		{31AF9CE3-3FC6-49BB-92B9-2AF91A2FE19D}.Debug|Any CPU.Build.0 = Debug|Any CPU
		{31AF9CE3-3FC6-49BB-92B9-2AF91A2FE19D}.Release|Any CPU.ActiveCfg = Release|Any CPU
		{31AF9CE3-3FC6-49BB-92B9-2AF91A2FE19D}.Release|Any CPU.Build.0 = Release|Any CPU
	EndGlobalSection
	GlobalSection(SolutionProperties) = preSolution
		HideSolutionNode = FALSE
	EndGlobalSection
	GlobalSection(ExtensibilityGlobals) = postSolution
		SolutionGuid = {697F640B-0D44-4CE4-90A7-06A0B1129770}
	EndGlobalSection
EndGlobal
